
Microsoft Visual Studio Solution File, Format Version 12.00
# Visual Studio 14
VisualStudioVersion = 14.0.25420.1
MinimumVisualStudioVersion = 10.0.40219.1
Project("{8BC9CEB8-8B4A-11D0-8D11-00A0C91BC942}") = "Con_Trỏ_Hàm", "Con_Trỏ_Hàm\Con_Trỏ_Hàm.vcxproj", "{AB40B6FF-0090-4F5D-A51E-8CCA9A7C6468}"
EndProject
Project("{8BC9CEB8-8B4A-11D0-8D11-00A0C91BC942}") = "Extern_trong_Cpp", "Extern_trong_Cpp\Extern_trong_Cpp.vcxproj", "{2DFE9CB4-9290-4465-AADE-61C29D998856}"
EndProject
Project("{8BC9CEB8-8B4A-11D0-8D11-00A0C91BC942}") = "Include_cách_sử_dụng", "Include_cách_sử_dụng\Include_cách_sử_dụng.vcxproj", "{BD0F5FA8-AB80-45C0-9545-A31184394782}"
EndProject
Global
	GlobalSection(SolutionConfigurationPlatforms) = preSolution
		Debug|x64 = Debug|x64
		Debug|x86 = Debug|x86
		Release|x64 = Release|x64
		Release|x86 = Release|x86
	EndGlobalSection
	GlobalSection(ProjectConfigurationPlatforms) = postSolution
		{AB40B6FF-0090-4F5D-A51E-8CCA9A7C6468}.Debug|x64.ActiveCfg = Debug|x64
		{AB40B6FF-0090-4F5D-A51E-8CCA9A7C6468}.Debug|x64.Build.0 = Debug|x64
		{AB40B6FF-0090-4F5D-A51E-8CCA9A7C6468}.Debug|x86.ActiveCfg = Debug|Win32
		{AB40B6FF-0090-4F5D-A51E-8CCA9A7C6468}.Debug|x86.Build.0 = Debug|Win32
		{AB40B6FF-0090-4F5D-A51E-8CCA9A7C6468}.Release|x64.ActiveCfg = Release|x64
		{AB40B6FF-0090-4F5D-A51E-8CCA9A7C6468}.Release|x64.Build.0 = Release|x64
		{AB40B6FF-0090-4F5D-A51E-8CCA9A7C6468}.Release|x86.ActiveCfg = Release|Win32
		{AB40B6FF-0090-4F5D-A51E-8CCA9A7C6468}.Release|x86.Build.0 = Release|Win32
		{2DFE9CB4-9290-4465-AADE-61C29D998856}.Debug|x64.ActiveCfg = Debug|x64
		{2DFE9CB4-9290-4465-AADE-61C29D998856}.Debug|x64.Build.0 = Debug|x64
		{2DFE9CB4-9290-4465-AADE-61C29D998856}.Debug|x86.ActiveCfg = Debug|Win32
		{2DFE9CB4-9290-4465-AADE-61C29D998856}.Debug|x86.Build.0 = Debug|Win32
		{2DFE9CB4-9290-4465-AADE-61C29D998856}.Release|x64.ActiveCfg = Release|x64
		{2DFE9CB4-9290-4465-AADE-61C29D998856}.Release|x64.Build.0 = Release|x64
		{2DFE9CB4-9290-4465-AADE-61C29D998856}.Release|x86.ActiveCfg = Release|Win32
		{2DFE9CB4-9290-4465-AADE-61C29D998856}.Release|x86.Build.0 = Release|Win32
		{BD0F5FA8-AB80-45C0-9545-A31184394782}.Debug|x64.ActiveCfg = Debug|x64
		{BD0F5FA8-AB80-45C0-9545-A31184394782}.Debug|x64.Build.0 = Debug|x64
		{BD0F5FA8-AB80-45C0-9545-A31184394782}.Debug|x86.ActiveCfg = Debug|Win32
		{BD0F5FA8-AB80-45C0-9545-A31184394782}.Debug|x86.Build.0 = Debug|Win32
		{BD0F5FA8-AB80-45C0-9545-A31184394782}.Release|x64.ActiveCfg = Release|x64
		{BD0F5FA8-AB80-45C0-9545-A31184394782}.Release|x64.Build.0 = Release|x64
		{BD0F5FA8-AB80-45C0-9545-A31184394782}.Release|x86.ActiveCfg = Release|Win32
		{BD0F5FA8-AB80-45C0-9545-A31184394782}.Release|x86.Build.0 = Release|Win32
	EndGlobalSection
	GlobalSection(SolutionProperties) = preSolution
		HideSolutionNode = FALSE
	EndGlobalSection
EndGlobal
